{
  "name": "modbus-js",
  "lockfileVersion": 3,
  "requires": true,
  "packages": {
    "": {
      "name": "modbus-js",
      "hasInstallScript": true,
      "dependencies": {
        "@serialport/bindings": "^9.2.0",
        "modbus-serial": "8.0.16",
        "mqtt": "^5.5.2",
        "serialport": "^9.2.0"
      },
      "devDependencies": {
        "@types/bun": "latest"
      },
      "peerDependencies": {
        "typescript": "^5.0.0"
      }
    },
    "node_modules/@babel/runtime": {
      "version": "7.24.4",
      "license": "MIT",
      "dependencies": {
        "regenerator-runtime": "^0.14.0"
      },
      "engines": {
        "node": ">=6.9.0"
      }
    },
    "node_modules/@serialport/binding-abstract": {
      "version": "9.2.4",
      "license": "MIT",
      "dependencies": {
        "debug": "^4.3.2"
      },
      "engines": {
        "node": ">=10.0.0"
      },
      "funding": {
        "url": "https://opencollective.com/serialport/donate"
      }
    },
    "node_modules/@serialport/binding-mock": {
      "version": "9.0.7",
      "license": "MIT",
      "dependencies": {
        "@serialport/binding-abstract": "^9.0.7",
        "debug": "^4.3.1"
      },
      "engines": {
        "node": ">=10.0.0"
      },
      "funding": {
        "url": "https://opencollective.com/serialport/donate"
      }
    },
    "node_modules/@serialport/bindings": {
      "version": "9.2.0",
      "resolved": "https://registry.npmjs.org/@serialport/bindings/-/bindings-9.2.0.tgz",
      "integrity": "sha512-s9EKHDZjLHipHhypxy6pz2XsoI1fPiOGU+X13AIGdQfoe7I6piEyhJ2znNgXMugMe43OxNk0/CmuVMzzcw1lmQ==",
      "hasInstallScript": true,
      "dependencies": {
        "@serialport/binding-abstract": "^9.0.7",
        "@serialport/parser-readline": "^9.0.7",
        "bindings": "^1.5.0",
        "debug": "^4.3.1",
        "nan": "^2.14.2",
        "prebuild-install": "^6.0.1"
      },
      "engines": {
        "node": ">=10.0.0"
      },
      "funding": {
        "url": "https://opencollective.com/serialport/donate"
      }
    },
    "node_modules/@serialport/bindings-cpp": {
      "version": "12.0.1",
      "hasInstallScript": true,
      "license": "MIT",
      "dependencies": {
        "@serialport/bindings-interface": "1.2.2",
        "@serialport/parser-readline": "11.0.0",
        "debug": "4.3.4",
        "node-addon-api": "7.0.0",
        "node-gyp-build": "4.6.0"
      },
      "engines": {
        "node": ">=16.0.0"
      },
      "funding": {
        "url": "https://opencollective.com/serialport/donate"
      }
    },
    "node_modules/@serialport/bindings-cpp/node_modules/@serialport/parser-readline": {
      "version": "11.0.0",
      "license": "MIT",
      "dependencies": {
        "@serialport/parser-delimiter": "11.0.0"
      },
      "engines": {
        "node": ">=12.0.0"
      },
      "funding": {
        "url": "https://opencollective.com/serialport/donate"
      }
    },
    "node_modules/@serialport/bindings-cpp/node_modules/@serialport/parser-readline/node_modules/@serialport/parser-delimiter": {
      "version": "11.0.0",
      "license": "MIT",
      "engines": {
        "node": ">=12.0.0"
      },
      "funding": {
        "url": "https://opencollective.com/serialport/donate"
      }
    },
    "node_modules/@serialport/bindings-interface": {
      "version": "1.2.2",
      "license": "MIT",
      "engines": {
        "node": "^12.22 || ^14.13 || >=16"
      }
    },
    "node_modules/@serialport/parser-byte-length": {
      "version": "9.0.7",
      "license": "MIT",
      "engines": {
        "node": ">=10.0.0"
      },
      "funding": {
        "url": "https://opencollective.com/serialport/donate"
      }
    },
    "node_modules/@serialport/parser-cctalk": {
      "version": "9.0.7",
      "license": "MIT",
      "engines": {
        "node": ">=10.0.0"
      },
      "funding": {
        "url": "https://opencollective.com/serialport/donate"
      }
    },
    "node_modules/@serialport/parser-delimiter": {
      "version": "9.0.7",
      "license": "MIT",
      "engines": {
        "node": ">=10.0.0"
      },
      "funding": {
        "url": "https://opencollective.com/serialport/donate"
      }
    },
    "node_modules/@serialport/parser-inter-byte-timeout": {
      "version": "9.0.7",
      "license": "MIT",
      "engines": {
        "node": ">=10.0.0"
      },
      "funding": {
        "url": "https://opencollective.com/serialport/donate"
      }
    },
    "node_modules/@serialport/parser-packet-length": {
      "version": "12.0.0",
      "license": "MIT",
      "engines": {
        "node": ">=8.6.0"
      }
    },
    "node_modules/@serialport/parser-readline": {
      "version": "9.0.7",
      "license": "MIT",
      "dependencies": {
        "@serialport/parser-delimiter": "^9.0.7"
      },
      "engines": {
        "node": ">=10.0.0"
      },
      "funding": {
        "url": "https://opencollective.com/serialport/donate"
      }
    },
    "node_modules/@serialport/parser-ready": {
      "version": "9.0.7",
      "license": "MIT",
      "engines": {
        "node": ">=10.0.0"
      },
      "funding": {
        "url": "https://opencollective.com/serialport/donate"
      }
    },
    "node_modules/@serialport/parser-regex": {
      "version": "9.0.7",
      "license": "MIT",
      "engines": {
        "node": ">=10.0.0"
      },
      "funding": {
        "url": "https://opencollective.com/serialport/donate"
      }
    },
    "node_modules/@serialport/parser-slip-encoder": {
      "version": "12.0.0",
      "license": "MIT",
      "engines": {
        "node": ">=12.0.0"
      },
      "funding": {
        "url": "https://opencollective.com/serialport/donate"
      }
    },
    "node_modules/@serialport/parser-spacepacket": {
      "version": "12.0.0",
      "license": "MIT",
      "engines": {
        "node": ">=12.0.0"
      },
      "funding": {
        "url": "https://opencollective.com/serialport/donate"
      }
    },
    "node_modules/@serialport/stream": {
      "version": "9.0.7",
      "license": "MIT",
      "dependencies": {
        "debug": "^4.3.1"
      },
      "engines": {
        "node": ">=10.0.0"
      },
      "funding": {
        "url": "https://opencollective.com/serialport/donate"
      }
    },
    "node_modules/@types/bun": {
      "version": "1.0.12",
      "resolved": "https://registry.npmjs.org/@types/bun/-/bun-1.0.12.tgz",
      "integrity": "sha512-qPb5FcygbpSS1NDBjWyQCWeI9kKXwSYSR1Enu7yb+gMXgFwGMhlyOvgV/7FGrdvAjlSXWRY6IDepos7k8WzAtQ==",
      "dev": true,
      "dependencies": {
        "bun-types": "1.0.36"
      }
    },
    "node_modules/@types/node": {
      "version": "20.11.30",
      "license": "MIT",
      "dependencies": {
        "undici-types": "~5.26.4"
      }
    },
    "node_modules/@types/readable-stream": {
      "version": "4.0.11",
      "license": "MIT",
      "dependencies": {
        "@types/node": "*",
        "safe-buffer": "~5.1.1"
      }
    },
    "node_modules/@types/ws": {
      "version": "8.5.10",
      "license": "MIT",
      "dependencies": {
        "@types/node": "*"
      }
    },
    "node_modules/abort-controller": {
      "version": "3.0.0",
      "license": "MIT",
      "dependencies": {
        "event-target-shim": "^5.0.0"
      },
      "engines": {
        "node": ">=6.5"
      }
    },
    "node_modules/ansi-regex": {
      "version": "2.1.1",
      "license": "MIT",
      "engines": {
        "node": ">=0.10.0"
      }
    },
    "node_modules/aproba": {
      "version": "1.2.0",
      "license": "ISC"
    },
    "node_modules/are-we-there-yet": {
      "version": "1.1.7",
      "license": "ISC",
      "dependencies": {
        "delegates": "^1.0.0",
        "readable-stream": "^2.0.6"
      }
    },
    "node_modules/are-we-there-yet/node_modules/readable-stream": {
      "version": "2.3.8",
      "license": "MIT",
      "dependencies": {
        "core-util-is": "~1.0.0",
        "inherits": "~2.0.3",
        "isarray": "~1.0.0",
        "process-nextick-args": "~2.0.0",
        "safe-buffer": "~5.1.1",
        "string_decoder": "~1.1.1",
        "util-deprecate": "~1.0.1"
      }
    },
    "node_modules/are-we-there-yet/node_modules/readable-stream/node_modules/string_decoder": {
      "version": "1.1.1",
      "license": "MIT",
      "dependencies": {
        "safe-buffer": "~5.1.0"
      }
    },
    "node_modules/base64-js": {
      "version": "1.5.1",
      "funding": [
        {
          "type": "github",
          "url": "https://github.com/sponsors/feross"
        },
        {
          "type": "patreon",
          "url": "https://www.patreon.com/feross"
        },
        {
          "type": "consulting",
          "url": "https://feross.org/support"
        }
      ],
      "license": "MIT"
    },
    "node_modules/bindings": {
      "version": "1.5.0",
      "license": "MIT",
      "dependencies": {
        "file-uri-to-path": "1.0.0"
      }
    },
    "node_modules/bl": {
      "version": "6.0.12",
      "license": "MIT",
      "dependencies": {
        "@types/readable-stream": "^4.0.0",
        "buffer": "^6.0.3",
        "inherits": "^2.0.4",
        "readable-stream": "^4.2.0"
      }
    },
    "node_modules/buffer": {
      "version": "6.0.3",
      "funding": [
        {
          "type": "github",
          "url": "https://github.com/sponsors/feross"
        },
        {
          "type": "patreon",
          "url": "https://www.patreon.com/feross"
        },
        {
          "type": "consulting",
          "url": "https://feross.org/support"
        }
      ],
      "license": "MIT",
      "dependencies": {
        "base64-js": "^1.3.1",
        "ieee754": "^1.2.1"
      }
    },
    "node_modules/buffer-from": {
      "version": "1.1.2",
      "license": "MIT"
    },
    "node_modules/bun-types": {
      "version": "1.0.36",
      "resolved": "https://registry.npmjs.org/bun-types/-/bun-types-1.0.36.tgz",
      "integrity": "sha512-gaIb1SyhB0JZfIEg73/kSFhqolUqJXC68peguhXGwqr27HuvI8nkD0LTIHp/1DY4cNadfXHYgYrZIWX7oEoXlg==",
      "dev": true,
      "dependencies": {
        "@types/node": "~20.11.3",
        "@types/ws": "~8.5.10"
      }
    },
    "node_modules/chownr": {
      "version": "1.1.4",
      "license": "ISC"
    },
    "node_modules/code-point-at": {
      "version": "1.1.0",
      "license": "MIT",
      "engines": {
        "node": ">=0.10.0"
      }
    },
    "node_modules/commist": {
      "version": "3.2.0",
      "license": "MIT"
    },
    "node_modules/concat-stream": {
      "version": "2.0.0",
      "engines": [
        "node >= 6.0"
      ],
      "license": "MIT",
      "dependencies": {
        "buffer-from": "^1.0.0",
        "inherits": "^2.0.3",
        "readable-stream": "^3.0.2",
        "typedarray": "^0.0.6"
      }
    },
    "node_modules/concat-stream/node_modules/readable-stream": {
      "version": "3.6.2",
      "license": "MIT",
      "dependencies": {
        "inherits": "^2.0.3",
        "string_decoder": "^1.1.1",
        "util-deprecate": "^1.0.1"
      },
      "engines": {
        "node": ">= 6"
      }
    },
    "node_modules/console-control-strings": {
      "version": "1.1.0",
      "license": "ISC"
    },
    "node_modules/core-util-is": {
      "version": "1.0.3",
      "license": "MIT"
    },
    "node_modules/debug": {
      "version": "4.3.4",
      "license": "MIT",
      "dependencies": {
        "ms": "2.1.2"
      },
      "engines": {
        "node": ">=6.0"
      },
      "peerDependenciesMeta": {
        "supports-color": {
          "optional": true
        }
      }
    },
    "node_modules/decompress-response": {
      "version": "4.2.1",
      "license": "MIT",
      "dependencies": {
        "mimic-response": "^2.0.0"
      },
      "engines": {
        "node": ">=8"
      }
    },
    "node_modules/deep-extend": {
      "version": "0.6.0",
      "license": "MIT",
      "engines": {
        "node": ">=4.0.0"
      }
    },
    "node_modules/delegates": {
      "version": "1.0.0",
      "license": "MIT"
    },
    "node_modules/detect-libc": {
      "version": "1.0.3",
      "license": "Apache-2.0",
      "bin": {
        "detect-libc": "bin/detect-libc.js"
      },
      "engines": {
        "node": ">=0.10"
      }
    },
    "node_modules/end-of-stream": {
      "version": "1.4.4",
      "license": "MIT",
      "dependencies": {
        "once": "^1.4.0"
      }
    },
    "node_modules/event-target-shim": {
      "version": "5.0.1",
      "license": "MIT",
      "engines": {
        "node": ">=6"
      }
    },
    "node_modules/events": {
      "version": "3.3.0",
      "license": "MIT",
      "engines": {
        "node": ">=0.8.x"
      }
    },
    "node_modules/expand-template": {
      "version": "2.0.3",
      "license": "(MIT OR WTFPL)",
      "engines": {
        "node": ">=6"
      }
    },
    "node_modules/fast-unique-numbers": {
      "version": "8.0.13",
      "license": "MIT",
      "dependencies": {
        "@babel/runtime": "^7.23.8",
        "tslib": "^2.6.2"
      },
      "engines": {
        "node": ">=16.1.0"
      }
    },
    "node_modules/file-uri-to-path": {
      "version": "1.0.0",
      "license": "MIT"
    },
    "node_modules/fs-constants": {
      "version": "1.0.0",
      "license": "MIT"
    },
    "node_modules/gauge": {
      "version": "2.7.4",
      "license": "ISC",
      "dependencies": {
        "aproba": "^1.0.3",
        "console-control-strings": "^1.0.0",
        "has-unicode": "^2.0.0",
        "object-assign": "^4.1.0",
        "signal-exit": "^3.0.0",
        "string-width": "^1.0.1",
        "strip-ansi": "^3.0.1",
        "wide-align": "^1.1.0"
      }
    },
    "node_modules/github-from-package": {
      "version": "0.0.0",
      "license": "MIT"
    },
    "node_modules/has-unicode": {
      "version": "2.0.1",
      "license": "ISC"
    },
    "node_modules/help-me": {
      "version": "5.0.0",
      "license": "MIT"
    },
    "node_modules/ieee754": {
      "version": "1.2.1",
      "funding": [
        {
          "type": "github",
          "url": "https://github.com/sponsors/feross"
        },
        {
          "type": "patreon",
          "url": "https://www.patreon.com/feross"
        },
        {
          "type": "consulting",
          "url": "https://feross.org/support"
        }
      ],
      "license": "BSD-3-Clause"
    },
    "node_modules/inherits": {
      "version": "2.0.4",
      "license": "ISC"
    },
    "node_modules/ini": {
      "version": "1.3.8",
      "license": "ISC"
    },
    "node_modules/is-fullwidth-code-point": {
      "version": "1.0.0",
      "license": "MIT",
      "dependencies": {
        "number-is-nan": "^1.0.0"
      },
      "engines": {
        "node": ">=0.10.0"
      }
    },
    "node_modules/isarray": {
      "version": "1.0.0",
      "license": "MIT"
    },
    "node_modules/js-sdsl": {
      "version": "4.3.0",
      "license": "MIT",
      "funding": {
        "type": "opencollective",
        "url": "https://opencollective.com/js-sdsl"
      }
    },
    "node_modules/lru-cache": {
      "version": "10.2.0",
      "license": "ISC",
      "engines": {
        "node": "14 || >=16.14"
      }
    },
    "node_modules/mimic-response": {
      "version": "2.1.0",
      "license": "MIT",
      "engines": {
        "node": ">=8"
      },
      "funding": {
        "url": "https://github.com/sponsors/sindresorhus"
      }
    },
    "node_modules/minimist": {
      "version": "1.2.8",
      "license": "MIT",
      "funding": {
        "url": "https://github.com/sponsors/ljharb"
      }
    },
    "node_modules/mkdirp-classic": {
      "version": "0.5.3",
      "license": "MIT"
    },
    "node_modules/modbus-serial": {
      "version": "8.0.16",
      "license": "ISC",
      "dependencies": {
        "debug": "^4.3.1",
        "serialport": "^12.0.0"
      }
    },
    "node_modules/modbus-serial/node_modules/serialport": {
      "version": "12.0.0",
      "license": "MIT",
      "dependencies": {
        "@serialport/binding-mock": "10.2.2",
        "@serialport/bindings-cpp": "12.0.1",
        "@serialport/parser-byte-length": "12.0.0",
        "@serialport/parser-cctalk": "12.0.0",
        "@serialport/parser-delimiter": "12.0.0",
        "@serialport/parser-inter-byte-timeout": "12.0.0",
        "@serialport/parser-packet-length": "12.0.0",
        "@serialport/parser-readline": "12.0.0",
        "@serialport/parser-ready": "12.0.0",
        "@serialport/parser-regex": "12.0.0",
        "@serialport/parser-slip-encoder": "12.0.0",
        "@serialport/parser-spacepacket": "12.0.0",
        "@serialport/stream": "12.0.0",
        "debug": "4.3.4"
      },
      "engines": {
        "node": ">=16.0.0"
      },
      "funding": {
        "url": "https://opencollective.com/serialport/donate"
      }
    },
    "node_modules/modbus-serial/node_modules/serialport/node_modules/@serialport/binding-mock": {
      "version": "10.2.2",
      "license": "MIT",
      "dependencies": {
        "@serialport/bindings-interface": "^1.2.1",
        "debug": "^4.3.3"
      },
      "engines": {
        "node": ">=12.0.0"
      }
    },
    "node_modules/modbus-serial/node_modules/serialport/node_modules/@serialport/parser-byte-length": {
      "version": "12.0.0",
      "license": "MIT",
      "engines": {
        "node": ">=12.0.0"
      },
      "funding": {
        "url": "https://opencollective.com/serialport/donate"
      }
    },
    "node_modules/modbus-serial/node_modules/serialport/node_modules/@serialport/parser-cctalk": {
      "version": "12.0.0",
      "license": "MIT",
      "engines": {
        "node": ">=12.0.0"
      },
      "funding": {
        "url": "https://opencollective.com/serialport/donate"
      }
    },
    "node_modules/modbus-serial/node_modules/serialport/node_modules/@serialport/parser-delimiter": {
      "version": "12.0.0",
      "license": "MIT",
      "engines": {
        "node": ">=12.0.0"
      },
      "funding": {
        "url": "https://opencollective.com/serialport/donate"
      }
    },
    "node_modules/modbus-serial/node_modules/serialport/node_modules/@serialport/parser-inter-byte-timeout": {
      "version": "12.0.0",
      "license": "MIT",
      "engines": {
        "node": ">=12.0.0"
      },
      "funding": {
        "url": "https://opencollective.com/serialport/donate"
      }
    },
    "node_modules/modbus-serial/node_modules/serialport/node_modules/@serialport/parser-readline": {
      "version": "12.0.0",
      "license": "MIT",
      "dependencies": {
        "@serialport/parser-delimiter": "12.0.0"
      },
      "engines": {
        "node": ">=12.0.0"
      },
      "funding": {
        "url": "https://opencollective.com/serialport/donate"
      }
    },
    "node_modules/modbus-serial/node_modules/serialport/node_modules/@serialport/parser-ready": {
      "version": "12.0.0",
      "license": "MIT",
      "engines": {
        "node": ">=12.0.0"
      },
      "funding": {
        "url": "https://opencollective.com/serialport/donate"
      }
    },
    "node_modules/modbus-serial/node_modules/serialport/node_modules/@serialport/parser-regex": {
      "version": "12.0.0",
      "license": "MIT",
      "engines": {
        "node": ">=12.0.0"
      },
      "funding": {
        "url": "https://opencollective.com/serialport/donate"
      }
    },
    "node_modules/modbus-serial/node_modules/serialport/node_modules/@serialport/stream": {
      "version": "12.0.0",
      "license": "MIT",
      "dependencies": {
        "@serialport/bindings-interface": "1.2.2",
        "debug": "4.3.4"
      },
      "engines": {
        "node": ">=12.0.0"
      },
      "funding": {
        "url": "https://opencollective.com/serialport/donate"
      }
    },
    "node_modules/mqtt": {
      "version": "5.5.2",
      "license": "MIT",
      "dependencies": {
        "@types/readable-stream": "^4.0.5",
        "@types/ws": "^8.5.9",
        "commist": "^3.2.0",
        "concat-stream": "^2.0.0",
        "debug": "^4.3.4",
        "help-me": "^5.0.0",
        "lru-cache": "^10.0.1",
        "minimist": "^1.2.8",
        "mqtt": "^5.2.0",
        "mqtt-packet": "^9.0.0",
        "number-allocator": "^1.0.14",
        "readable-stream": "^4.4.2",
        "reinterval": "^1.1.0",
        "rfdc": "^1.3.0",
        "split2": "^4.2.0",
        "worker-timers": "^7.1.4",
        "ws": "^8.14.2"
      },
      "bin": {
        "mqtt": "build/bin/mqtt.js",
        "mqtt_pub": "build/bin/pub.js",
        "mqtt_sub": "build/bin/sub.js"
      },
      "engines": {
        "node": ">=16.0.0"
      }
    },
    "node_modules/mqtt-packet": {
      "version": "9.0.0",
      "license": "MIT",
      "dependencies": {
        "bl": "^6.0.8",
        "debug": "^4.3.4",
        "process-nextick-args": "^2.0.1"
      }
    },
    "node_modules/ms": {
      "version": "2.1.2",
      "license": "MIT"
    },
    "node_modules/nan": {
      "version": "2.19.0",
      "license": "MIT"
    },
    "node_modules/napi-build-utils": {
      "version": "1.0.2",
      "license": "MIT"
    },
    "node_modules/node-abi": {
      "version": "2.30.1",
      "license": "MIT",
      "dependencies": {
        "semver": "^5.4.1"
      }
    },
    "node_modules/node-addon-api": {
      "version": "7.0.0",
      "license": "MIT"
    },
    "node_modules/node-gyp-build": {
      "version": "4.6.0",
      "license": "MIT",
      "bin": {
        "node-gyp-build": "bin.js",
        "node-gyp-build-optional": "optional.js",
        "node-gyp-build-test": "build-test.js"
      }
    },
    "node_modules/npmlog": {
      "version": "4.1.2",
      "license": "ISC",
      "dependencies": {
        "are-we-there-yet": "~1.1.2",
        "console-control-strings": "~1.1.0",
        "gauge": "~2.7.3",
        "set-blocking": "~2.0.0"
      }
    },
    "node_modules/number-allocator": {
      "version": "1.0.14",
      "license": "MIT",
      "dependencies": {
        "debug": "^4.3.1",
        "js-sdsl": "4.3.0"
      }
    },
    "node_modules/number-is-nan": {
      "version": "1.0.1",
      "license": "MIT",
      "engines": {
        "node": ">=0.10.0"
      }
    },
    "node_modules/object-assign": {
      "version": "4.1.1",
      "license": "MIT",
      "engines": {
        "node": ">=0.10.0"
      }
    },
    "node_modules/once": {
      "version": "1.4.0",
      "license": "ISC",
      "dependencies": {
        "wrappy": "1"
      }
    },
    "node_modules/prebuild-install": {
      "version": "6.1.4",
      "license": "MIT",
      "dependencies": {
        "detect-libc": "^1.0.3",
        "expand-template": "^2.0.3",
        "github-from-package": "0.0.0",
        "minimist": "^1.2.3",
        "mkdirp-classic": "^0.5.3",
        "napi-build-utils": "^1.0.1",
        "node-abi": "^2.21.0",
        "npmlog": "^4.0.1",
        "pump": "^3.0.0",
        "rc": "^1.2.7",
        "simple-get": "^3.0.3",
        "tar-fs": "^2.0.0",
        "tunnel-agent": "^0.6.0"
      },
      "bin": {
        "prebuild-install": "bin.js"
      },
      "engines": {
        "node": ">=6"
      }
    },
    "node_modules/process": {
      "version": "0.11.10",
      "license": "MIT",
      "engines": {
        "node": ">= 0.6.0"
      }
    },
    "node_modules/process-nextick-args": {
      "version": "2.0.1",
      "license": "MIT"
    },
    "node_modules/pump": {
      "version": "3.0.0",
      "license": "MIT",
      "dependencies": {
        "end-of-stream": "^1.1.0",
        "once": "^1.3.1"
      }
    },
    "node_modules/rc": {
      "version": "1.2.8",
      "license": "(BSD-2-Clause OR MIT OR Apache-2.0)",
      "dependencies": {
        "deep-extend": "^0.6.0",
        "ini": "~1.3.0",
        "minimist": "^1.2.0",
        "strip-json-comments": "~2.0.1"
      },
      "bin": {
        "rc": "cli.js"
      }
    },
    "node_modules/readable-stream": {
      "version": "4.5.2",
      "license": "MIT",
      "dependencies": {
        "abort-controller": "^3.0.0",
        "buffer": "^6.0.3",
        "events": "^3.3.0",
        "process": "^0.11.10",
        "string_decoder": "^1.3.0"
      },
      "engines": {
        "node": "^12.22.0 || ^14.17.0 || >=16.0.0"
      }
    },
    "node_modules/regenerator-runtime": {
      "version": "0.14.1",
      "license": "MIT"
    },
    "node_modules/reinterval": {
      "version": "1.1.0",
      "license": "MIT"
    },
    "node_modules/rfdc": {
      "version": "1.3.1",
      "license": "MIT"
    },
    "node_modules/safe-buffer": {
      "version": "5.1.2",
      "license": "MIT"
    },
    "node_modules/semver": {
      "version": "5.7.2",
      "license": "ISC",
      "bin": {
        "semver": "bin/semver"
      }
    },
    "node_modules/serialport": {
      "version": "9.2.0",
      "resolved": "https://registry.npmjs.org/serialport/-/serialport-9.2.0.tgz",
      "integrity": "sha512-C6AQ4jD4mre3tn3QA+atn++mEZDh4r40CIeh1sKhskKE+Q4eiIr/nzVMOiPxHb8gskrSNxujH+Br49tl3i9s9g==",
      "dependencies": {
        "@serialport/binding-mock": "9.0.7",
        "@serialport/bindings": "^9.2.0",
        "@serialport/parser-byte-length": "9.0.7",
        "@serialport/parser-cctalk": "9.0.7",
        "@serialport/parser-delimiter": "9.0.7",
        "@serialport/parser-inter-byte-timeout": "9.0.7",
        "@serialport/parser-readline": "9.0.7",
        "@serialport/parser-ready": "9.0.7",
        "@serialport/parser-regex": "9.0.7",
        "@serialport/stream": "9.0.7",
        "debug": "^4.3.1"
      },
      "engines": {
        "node": ">=10.0.0"
      },
      "funding": {
        "url": "https://opencollective.com/serialport/donate"
      }
    },
    "node_modules/set-blocking": {
      "version": "2.0.0",
      "license": "ISC"
    },
    "node_modules/signal-exit": {
      "version": "3.0.7",
      "license": "ISC"
    },
    "node_modules/simple-concat": {
      "version": "1.0.1",
      "funding": [
        {
          "type": "github",
          "url": "https://github.com/sponsors/feross"
        },
        {
          "type": "patreon",
          "url": "https://www.patreon.com/feross"
        },
        {
          "type": "consulting",
          "url": "https://feross.org/support"
        }
      ],
      "license": "MIT"
    },
    "node_modules/simple-get": {
      "version": "3.1.1",
      "license": "MIT",
      "dependencies": {
        "decompress-response": "^4.2.0",
        "once": "^1.3.1",
        "simple-concat": "^1.0.0"
      }
    },
    "node_modules/split2": {
      "version": "4.2.0",
      "license": "ISC",
      "engines": {
        "node": ">= 10.x"
      }
    },
    "node_modules/string_decoder": {
      "version": "1.3.0",
      "license": "MIT",
      "dependencies": {
        "safe-buffer": "~5.2.0"
      }
    },
    "node_modules/string_decoder/node_modules/safe-buffer": {
      "version": "5.2.1",
      "funding": [
        {
          "type": "github",
          "url": "https://github.com/sponsors/feross"
        },
        {
          "type": "patreon",
          "url": "https://www.patreon.com/feross"
        },
        {
          "type": "consulting",
          "url": "https://feross.org/support"
        }
      ],
      "license": "MIT"
    },
    "node_modules/string-width": {
      "version": "1.0.2",
      "license": "MIT",
      "dependencies": {
        "code-point-at": "^1.0.0",
        "is-fullwidth-code-point": "^1.0.0",
        "strip-ansi": "^3.0.0"
      },
      "engines": {
        "node": ">=0.10.0"
      }
    },
    "node_modules/strip-ansi": {
      "version": "3.0.1",
      "license": "MIT",
      "dependencies": {
        "ansi-regex": "^2.0.0"
      },
      "engines": {
        "node": ">=0.10.0"
      }
    },
    "node_modules/strip-json-comments": {
      "version": "2.0.1",
      "license": "MIT",
      "engines": {
        "node": ">=0.10.0"
      }
    },
    "node_modules/tar-fs": {
      "version": "2.1.1",
      "license": "MIT",
      "dependencies": {
        "chownr": "^1.1.1",
        "mkdirp-classic": "^0.5.2",
        "pump": "^3.0.0",
        "tar-stream": "^2.1.4"
      }
    },
    "node_modules/tar-stream": {
      "version": "2.2.0",
      "license": "MIT",
      "dependencies": {
        "bl": "^4.0.3",
        "end-of-stream": "^1.4.1",
        "fs-constants": "^1.0.0",
        "inherits": "^2.0.3",
        "readable-stream": "^3.1.1"
      },
      "engines": {
        "node": ">=6"
      }
    },
    "node_modules/tar-stream/node_modules/bl": {
      "version": "4.1.0",
      "license": "MIT",
      "dependencies": {
        "buffer": "^5.5.0",
        "inherits": "^2.0.4",
        "readable-stream": "^3.4.0"
      }
    },
    "node_modules/tar-stream/node_modules/bl/node_modules/buffer": {
      "version": "5.7.1",
      "funding": [
        {
          "type": "github",
          "url": "https://github.com/sponsors/feross"
        },
        {
          "type": "patreon",
          "url": "https://www.patreon.com/feross"
        },
        {
          "type": "consulting",
          "url": "https://feross.org/support"
        }
      ],
      "license": "MIT",
      "dependencies": {
        "base64-js": "^1.3.1",
        "ieee754": "^1.1.13"
      }
    },
    "node_modules/tar-stream/node_modules/readable-stream": {
      "version": "3.6.2",
      "license": "MIT",
      "dependencies": {
        "inherits": "^2.0.3",
        "string_decoder": "^1.1.1",
        "util-deprecate": "^1.0.1"
      },
      "engines": {
        "node": ">= 6"
      }
    },
    "node_modules/tslib": {
      "version": "2.6.2",
      "license": "0BSD"
    },
    "node_modules/tunnel-agent": {
      "version": "0.6.0",
      "license": "Apache-2.0",
      "dependencies": {
        "safe-buffer": "^5.0.1"
      },
      "engines": {
        "node": "*"
      }
    },
    "node_modules/tunnel-agent/node_modules/safe-buffer": {
      "version": "5.2.1",
      "funding": [
        {
          "type": "github",
          "url": "https://github.com/sponsors/feross"
        },
        {
          "type": "patreon",
          "url": "https://www.patreon.com/feross"
        },
        {
          "type": "consulting",
          "url": "https://feross.org/support"
        }
      ],
      "license": "MIT"
    },
    "node_modules/typedarray": {
      "version": "0.0.6",
      "license": "MIT"
    },
    "node_modules/typescript": {
      "version": "5.4.3",
      "license": "Apache-2.0",
      "peer": true,
      "bin": {
        "tsc": "bin/tsc",
        "tsserver": "bin/tsserver"
      },
      "engines": {
        "node": ">=14.17"
      }
    },
    "node_modules/undici-types": {
      "version": "5.26.5",
      "license": "MIT"
    },
    "node_modules/util-deprecate": {
      "version": "1.0.2",
      "license": "MIT"
    },
    "node_modules/wide-align": {
      "version": "1.1.5",
      "license": "ISC",
      "dependencies": {
        "string-width": "^1.0.2 || 2 || 3 || 4"
      }
    },
    "node_modules/worker-timers": {
      "version": "7.1.7",
      "license": "MIT",
      "dependencies": {
        "@babel/runtime": "^7.24.4",
        "tslib": "^2.6.2",
        "worker-timers-broker": "^6.1.7",
        "worker-timers-worker": "^7.0.70"
      }
    },
    "node_modules/worker-timers-broker": {
      "version": "6.1.7",
      "license": "MIT",
      "dependencies": {
        "@babel/runtime": "^7.24.4",
        "fast-unique-numbers": "^8.0.13",
        "tslib": "^2.6.2",
        "worker-timers-worker": "^7.0.70"
      }
    },
    "node_modules/worker-timers-worker": {
      "version": "7.0.70",
      "license": "MIT",
      "dependencies": {
        "@babel/runtime": "^7.24.4",
        "tslib": "^2.6.2"
      }
    },
    "node_modules/wrappy": {
      "version": "1.0.2",
      "license": "ISC"
    },
    "node_modules/ws": {
      "version": "8.16.0",
      "license": "MIT",
      "engines": {
        "node": ">=10.0.0"
      },
      "peerDependencies": {
        "bufferutil": "^4.0.1",
        "utf-8-validate": ">=5.0.2"
      },
      "peerDependenciesMeta": {
        "bufferutil": {
          "optional": true
        },
        "utf-8-validate": {
          "optional": true
        }
      }
    }
  }
}
